
Microsoft Visual Studio Solution File, Format Version 12.00
# Visual Studio Version 16
VisualStudioVersion = 16.0.31624.102
MinimumVisualStudioVersion = 10.0.40219.1
Project("{9A19103F-16F7-4668-BE54-9A1E7A4F7556}") = "RedisToAzureFunction.Cli", "RedisToAzureFunction.Cli\RedisToAzureFunction.Cli.csproj", "{CBA743C0-5445-412B-9463-1BB8663680E7}"
EndProject
Project("{FAE04EC0-301F-11D3-BF4B-00C04F79EFBC}") = "RedisToAzureFunction.Function", "RedisToAzureFunction.Function\RedisToAzureFunction.Function.csproj", "{E821AB99-0B4B-4291-9324-737FDDB3B06A}"
EndProject
Global
	GlobalSection(SolutionConfigurationPlatforms) = preSolution
		Debug|Any CPU = Debug|Any CPU
		Release|Any CPU = Release|Any CPU
	EndGlobalSection
	GlobalSection(ProjectConfigurationPlatforms) = postSolution
		{CBA743C0-5445-412B-9463-1BB8663680E7}.Debug|Any CPU.ActiveCfg = Debug|Any CPU
		{CBA743C0-5445-412B-9463-1BB8663680E7}.Debug|Any CPU.Build.0 = Debug|Any CPU
		{CBA743C0-5445-412B-9463-1BB8663680E7}.Release|Any CPU.ActiveCfg = Release|Any CPU
		{CBA743C0-5445-412B-9463-1BB8663680E7}.Release|Any CPU.Build.0 = Release|Any CPU
		{E821AB99-0B4B-4291-9324-737FDDB3B06A}.Debug|Any CPU.ActiveCfg = Debug|Any CPU
		{E821AB99-0B4B-4291-9324-737FDDB3B06A}.Debug|Any CPU.Build.0 = Debug|Any CPU
		{E821AB99-0B4B-4291-9324-737FDDB3B06A}.Release|Any CPU.ActiveCfg = Release|Any CPU
		{E821AB99-0B4B-4291-9324-737FDDB3B06A}.Release|Any CPU.Build.0 = Release|Any CPU
	EndGlobalSection
	GlobalSection(SolutionProperties) = preSolution
		HideSolutionNode = FALSE
	EndGlobalSection
	GlobalSection(ExtensibilityGlobals) = postSolution
		SolutionGuid = {6B4DEAC4-1365-472F-916B-08E906AA3301}
	EndGlobalSection
EndGlobal
